
Microsoft Visual Studio Solution File, Format Version 12.00
# Visual Studio 15
VisualStudioVersion = 15.0.27428.2043
MinimumVisualStudioVersion = 10.0.40219.1
Project("{FAE04EC0-301F-11D3-BF4B-00C04F79EFBC}") = "Buborék", "Buborék\Buborék.csproj", "{38AFFA6B-AE5F-4757-B11B-D0BAD84A4EE4}"
EndProject
Global
	GlobalSection(SolutionConfigurationPlatforms) = preSolution
		Debug|Any CPU = Debug|Any CPU
		Release|Any CPU = Release|Any CPU
	EndGlobalSection
	GlobalSection(ProjectConfigurationPlatforms) = postSolution
		{38AFFA6B-AE5F-4757-B11B-D0BAD84A4EE4}.Debug|Any CPU.ActiveCfg = Debug|Any CPU
		{38AFFA6B-AE5F-4757-B11B-D0BAD84A4EE4}.Debug|Any CPU.Build.0 = Debug|Any CPU
		{38AFFA6B-AE5F-4757-B11B-D0BAD84A4EE4}.Release|Any CPU.ActiveCfg = Release|Any CPU
		{38AFFA6B-AE5F-4757-B11B-D0BAD84A4EE4}.Release|Any CPU.Build.0 = Release|Any CPU
	EndGlobalSection
	GlobalSection(SolutionProperties) = preSolution
		HideSolutionNode = FALSE
	EndGlobalSection
	GlobalSection(ExtensibilityGlobals) = postSolution
		SolutionGuid = {BD15BC2D-1AB4-4FE2-A477-3AB3FB76CDAD}
	EndGlobalSection
EndGlobal
